
Microsoft Visual Studio Solution File, Format Version 12.00
# Visual Studio Version 16
VisualStudioVersion = 16.0.30225.117
MinimumVisualStudioVersion = 10.0.40219.1
Project("{F2A71F9B-5D33-465A-A702-920D77279786}") = "ConUom", "ConUom\ConUom.fsproj", "{3ACD8199-28D5-4A20-955A-0D157AC938BE}"
EndProject
Project("{F2A71F9B-5D33-465A-A702-920D77279786}") = "ConUom.Test", "ConUom.Test\ConUom.Test.fsproj", "{E8AEC18B-7A3B-4D88-9E89-B513C7FBCAFB}"
EndProject
Global
	GlobalSection(SolutionConfigurationPlatforms) = preSolution
		Debug|Any CPU = Debug|Any CPU
		Release|Any CPU = Release|Any CPU
	EndGlobalSection
	GlobalSection(ProjectConfigurationPlatforms) = postSolution
		{3ACD8199-28D5-4A20-955A-0D157AC938BE}.Debug|Any CPU.ActiveCfg = Debug|Any CPU
		{3ACD8199-28D5-4A20-955A-0D157AC938BE}.Debug|Any CPU.Build.0 = Debug|Any CPU
		{3ACD8199-28D5-4A20-955A-0D157AC938BE}.Release|Any CPU.ActiveCfg = Release|Any CPU
		{3ACD8199-28D5-4A20-955A-0D157AC938BE}.Release|Any CPU.Build.0 = Release|Any CPU
		{E8AEC18B-7A3B-4D88-9E89-B513C7FBCAFB}.Debug|Any CPU.ActiveCfg = Debug|Any CPU
		{E8AEC18B-7A3B-4D88-9E89-B513C7FBCAFB}.Debug|Any CPU.Build.0 = Debug|Any CPU
		{E8AEC18B-7A3B-4D88-9E89-B513C7FBCAFB}.Release|Any CPU.ActiveCfg = Release|Any CPU
		{E8AEC18B-7A3B-4D88-9E89-B513C7FBCAFB}.Release|Any CPU.Build.0 = Release|Any CPU
	EndGlobalSection
	GlobalSection(SolutionProperties) = preSolution
		HideSolutionNode = FALSE
	EndGlobalSection
	GlobalSection(ExtensibilityGlobals) = postSolution
		SolutionGuid = {40862468-A508-4B4E-AB27-63E1F19419F3}
	EndGlobalSection
EndGlobal
